
Microsoft Visual Studio Solution File, Format Version 12.00
# Visual Studio 14
VisualStudioVersion = 14.0.25420.1
MinimumVisualStudioVersion = 10.0.40219.1
Project("{2150E333-8FDC-42A3-9474-1A3956D46DE8}") = "src", "src", "{32A0E219-634F-419A-A9CF-CFE08E05E496}"
EndProject
Project("{2150E333-8FDC-42A3-9474-1A3956D46DE8}") = "Solution Items", "Solution Items", "{5BF60A8F-9D41-46FD-9BC0-038F690CA590}"
	ProjectSection(SolutionItems) = preProject
		global.json = global.json
	EndProjectSection
EndProject
Project("{8BB2217D-0F2D-49D1-97BC-3654ED321F3B}") = "IX.Math", "src\IX.Math\IX.Math.xproj", "{5159F238-D854-4D1D-A494-1213F57D55DA}"
EndProject
Project("{8BB2217D-0F2D-49D1-97BC-3654ED321F3B}") = "IX.Math.UnitTests", "test\IX.Math.UnitTests\IX.Math.UnitTests.xproj", "{A7FB3107-43F7-4486-97D5-CE123AC8C20F}"
EndProject
Project("{2150E333-8FDC-42A3-9474-1A3956D46DE8}") = "test", "test", "{5015DD7D-51D9-4F7E-869B-21FF015C06B6}"
EndProject
Global
	GlobalSection(SolutionConfigurationPlatforms) = preSolution
		Debug|Any CPU = Debug|Any CPU
		Release|Any CPU = Release|Any CPU
	EndGlobalSection
	GlobalSection(ProjectConfigurationPlatforms) = postSolution
		{5159F238-D854-4D1D-A494-1213F57D55DA}.Debug|Any CPU.ActiveCfg = Debug|Any CPU
		{5159F238-D854-4D1D-A494-1213F57D55DA}.Debug|Any CPU.Build.0 = Debug|Any CPU
		{5159F238-D854-4D1D-A494-1213F57D55DA}.Release|Any CPU.ActiveCfg = Release|Any CPU
		{5159F238-D854-4D1D-A494-1213F57D55DA}.Release|Any CPU.Build.0 = Release|Any CPU
		{A7FB3107-43F7-4486-97D5-CE123AC8C20F}.Debug|Any CPU.ActiveCfg = Debug|Any CPU
		{A7FB3107-43F7-4486-97D5-CE123AC8C20F}.Debug|Any CPU.Build.0 = Debug|Any CPU
		{A7FB3107-43F7-4486-97D5-CE123AC8C20F}.Release|Any CPU.ActiveCfg = Release|Any CPU
		{A7FB3107-43F7-4486-97D5-CE123AC8C20F}.Release|Any CPU.Build.0 = Release|Any CPU
	EndGlobalSection
	GlobalSection(SolutionProperties) = preSolution
		HideSolutionNode = FALSE
	EndGlobalSection
	GlobalSection(NestedProjects) = preSolution
		{5159F238-D854-4D1D-A494-1213F57D55DA} = {32A0E219-634F-419A-A9CF-CFE08E05E496}
		{A7FB3107-43F7-4486-97D5-CE123AC8C20F} = {5015DD7D-51D9-4F7E-869B-21FF015C06B6}
	EndGlobalSection
	GlobalSection(ExtensibilityGlobals) = postSolution
		RESX_PrefixTranslations = False
	EndGlobalSection
EndGlobal
