Microsoft Visual Studio Solution File, Format Version 12.00
# Visual Studio 15
VisualStudioVersion = 15.0.28307.572
MinimumVisualStudioVersion = 10.0.40219.1
Project("{2150E333-8FDC-42A3-9474-1A3956D46DE8}") = "Solution Items", "Solution Items", "{5E05B9C5-6765-44FC-8A6E-BEE018BDEA9B}"
	ProjectSection(SolutionItems) = preProject
		.editorconfig = .editorconfig
		stylecop.json = stylecop.json
	EndProjectSection
EndProject
Project("{9A19103F-16F7-4668-BE54-9A1E7A4F7556}") = "IX.Math", "IX.Math\IX.Math.csproj", "{74ED720B-9C04-4407-8A1D-1A7871FDB888}"
EndProject
Project("{2150E333-8FDC-42A3-9474-1A3956D46DE8}") = "Props", "Props", "{6AE6F3F7-FE0A-4CC0-AD3A-948D6764E9C1}"
	ProjectSection(SolutionItems) = preProject
		Branding.props = Branding.props
		IXTargets.targets = IXTargets.targets
		StyleCop.targets = StyleCop.targets
	EndProjectSection
EndProject
Project("{2150E333-8FDC-42A3-9474-1A3956D46DE8}") = "Tests", "Tests", "{B5529E7C-26C5-4A91-BA0E-EDEA9D367DA3}"
EndProject
Project("{9A19103F-16F7-4668-BE54-9A1E7A4F7556}") = "IX.UnitTests", "IX.UnitTests\IX.UnitTests.csproj", "{EE8BE730-7219-4FE1-B975-248FB6255DB1}"
EndProject
Global
	GlobalSection(SolutionConfigurationPlatforms) = preSolution
		Debug|Any CPU = Debug|Any CPU
		Release|Any CPU = Release|Any CPU
	EndGlobalSection
	GlobalSection(ProjectConfigurationPlatforms) = postSolution
		{74ED720B-9C04-4407-8A1D-1A7871FDB888}.Debug|Any CPU.ActiveCfg = Debug|Any CPU
		{74ED720B-9C04-4407-8A1D-1A7871FDB888}.Debug|Any CPU.Build.0 = Debug|Any CPU
		{74ED720B-9C04-4407-8A1D-1A7871FDB888}.Release|Any CPU.ActiveCfg = Release|Any CPU
		{74ED720B-9C04-4407-8A1D-1A7871FDB888}.Release|Any CPU.Build.0 = Release|Any CPU
		{EE8BE730-7219-4FE1-B975-248FB6255DB1}.Debug|Any CPU.ActiveCfg = Debug|Any CPU
		{EE8BE730-7219-4FE1-B975-248FB6255DB1}.Debug|Any CPU.Build.0 = Debug|Any CPU
		{EE8BE730-7219-4FE1-B975-248FB6255DB1}.Release|Any CPU.ActiveCfg = Release|Any CPU
		{EE8BE730-7219-4FE1-B975-248FB6255DB1}.Release|Any CPU.Build.0 = Release|Any CPU
	EndGlobalSection
	GlobalSection(SolutionProperties) = preSolution
		HideSolutionNode = FALSE
	EndGlobalSection
	GlobalSection(NestedProjects) = preSolution
		{6AE6F3F7-FE0A-4CC0-AD3A-948D6764E9C1} = {5E05B9C5-6765-44FC-8A6E-BEE018BDEA9B}
		{EE8BE730-7219-4FE1-B975-248FB6255DB1} = {B5529E7C-26C5-4A91-BA0E-EDEA9D367DA3}
	EndGlobalSection
	GlobalSection(ExtensibilityGlobals) = postSolution
		SolutionGuid = {E982D088-16DA-46BF-A043-B1326577DB77}
	EndGlobalSection
EndGlobal
