Microsoft Visual Studio Solution File, Format Version 12.00
# Visual Studio Version 16
VisualStudioVersion = 16.0.28902.138
MinimumVisualStudioVersion = 10.0.40219.1
Project("{2150E333-8FDC-42A3-9474-1A3956D46DE8}") = "Solution Items", "Solution Items", "{5E05B9C5-6765-44FC-8A6E-BEE018BDEA9B}"
EndProject
Project("{9A19103F-16F7-4668-BE54-9A1E7A4F7556}") = "IX.Math", "IX.Math\IX.Math.csproj", "{74ED720B-9C04-4407-8A1D-1A7871FDB888}"
EndProject
Project("{2150E333-8FDC-42A3-9474-1A3956D46DE8}") = "Build Configurations", "Build Configurations", "{6AE6F3F7-FE0A-4CC0-AD3A-948D6764E9C1}"
	ProjectSection(SolutionItems) = preProject
		azure.devops.devci.yaml = azure.devops.devci.yaml
		azure.devops.masterci.yaml = azure.devops.masterci.yaml
		azure.devops.releasebuild.yaml = azure.devops.releasebuild.yaml
	EndProjectSection
EndProject
Project("{2150E333-8FDC-42A3-9474-1A3956D46DE8}") = "Tests", "Tests", "{B5529E7C-26C5-4A91-BA0E-EDEA9D367DA3}"
EndProject
Project("{9A19103F-16F7-4668-BE54-9A1E7A4F7556}") = "IX.UnitTests", "IX.UnitTests\IX.UnitTests.csproj", "{EE8BE730-7219-4FE1-B975-248FB6255DB1}"
EndProject
Project("{2150E333-8FDC-42A3-9474-1A3956D46DE8}") = "GitHub Documentation", "GitHub Documentation", "{C0A2B3FA-1AE0-4321-A4A9-6F2861C9F11C}"
	ProjectSection(SolutionItems) = preProject
		..\Extensibility.md = ..\Extensibility.md
		..\Functions.md = ..\Functions.md
		..\README.md = ..\README.md
		..\Usage.md = ..\Usage.md
	EndProjectSection
EndProject
Project("{2150E333-8FDC-42A3-9474-1A3956D46DE8}") = "Infrastructure", "Infrastructure", "{FB2F5864-DF6D-455C-8E79-3721590BF98E}"
EndProject
Project("{FAE04EC0-301F-11D3-BF4B-00C04F79EFBC}") = "CodeGenerator", "CodeGenerator\CodeGenerator.csproj", "{98AF7216-D401-44A4-A5DA-F55535868971}"
EndProject
Project("{2150E333-8FDC-42A3-9474-1A3956D46DE8}") = "IDE Configurations", "IDE Configurations", "{C5056E2B-0D45-45A7-88E6-930E98CA7752}"
	ProjectSection(SolutionItems) = preProject
		.editorconfig = .editorconfig
		stylecop.json = stylecop.json
	EndProjectSection
EndProject
Global
	GlobalSection(SolutionConfigurationPlatforms) = preSolution
		Debug|Any CPU = Debug|Any CPU
		Release|Any CPU = Release|Any CPU
	EndGlobalSection
	GlobalSection(ProjectConfigurationPlatforms) = postSolution
		{74ED720B-9C04-4407-8A1D-1A7871FDB888}.Debug|Any CPU.ActiveCfg = Debug|Any CPU
		{74ED720B-9C04-4407-8A1D-1A7871FDB888}.Debug|Any CPU.Build.0 = Debug|Any CPU
		{74ED720B-9C04-4407-8A1D-1A7871FDB888}.Release|Any CPU.ActiveCfg = Release|Any CPU
		{74ED720B-9C04-4407-8A1D-1A7871FDB888}.Release|Any CPU.Build.0 = Release|Any CPU
		{EE8BE730-7219-4FE1-B975-248FB6255DB1}.Debug|Any CPU.ActiveCfg = Debug|Any CPU
		{EE8BE730-7219-4FE1-B975-248FB6255DB1}.Debug|Any CPU.Build.0 = Debug|Any CPU
		{EE8BE730-7219-4FE1-B975-248FB6255DB1}.Release|Any CPU.ActiveCfg = Release|Any CPU
		{EE8BE730-7219-4FE1-B975-248FB6255DB1}.Release|Any CPU.Build.0 = Release|Any CPU
		{98AF7216-D401-44A4-A5DA-F55535868971}.Debug|Any CPU.ActiveCfg = Debug|Any CPU
		{98AF7216-D401-44A4-A5DA-F55535868971}.Release|Any CPU.ActiveCfg = Release|Any CPU
	EndGlobalSection
	GlobalSection(SolutionProperties) = preSolution
		HideSolutionNode = FALSE
	EndGlobalSection
	GlobalSection(NestedProjects) = preSolution
		{6AE6F3F7-FE0A-4CC0-AD3A-948D6764E9C1} = {5E05B9C5-6765-44FC-8A6E-BEE018BDEA9B}
		{EE8BE730-7219-4FE1-B975-248FB6255DB1} = {B5529E7C-26C5-4A91-BA0E-EDEA9D367DA3}
		{98AF7216-D401-44A4-A5DA-F55535868971} = {FB2F5864-DF6D-455C-8E79-3721590BF98E}
		{C5056E2B-0D45-45A7-88E6-930E98CA7752} = {5E05B9C5-6765-44FC-8A6E-BEE018BDEA9B}
	EndGlobalSection
	GlobalSection(ExtensibilityGlobals) = postSolution
		SolutionGuid = {E982D088-16DA-46BF-A043-B1326577DB77}
	EndGlobalSection
EndGlobal
